
Microsoft Visual Studio Solution File, Format Version 12.00
# Visual Studio Version 16
VisualStudioVersion = 16.0.28803.202
MinimumVisualStudioVersion = 10.0.40219.1
Project("{FAE04EC0-301F-11D3-BF4B-00C04F79EFBC}") = "PasswordTool", "PasswordTool\PasswordTool.csproj", "{2509B63F-6BBD-4C7F-8608-C9F47AA47701}"
EndProject
Global
	GlobalSection(SolutionConfigurationPlatforms) = preSolution
		Debug|Any CPU = Debug|Any CPU
		Release|Any CPU = Release|Any CPU
	EndGlobalSection
	GlobalSection(ProjectConfigurationPlatforms) = postSolution
		{2509B63F-6BBD-4C7F-8608-C9F47AA47701}.Debug|Any CPU.ActiveCfg = Debug|Any CPU
		{2509B63F-6BBD-4C7F-8608-C9F47AA47701}.Debug|Any CPU.Build.0 = Debug|Any CPU
		{2509B63F-6BBD-4C7F-8608-C9F47AA47701}.Release|Any CPU.ActiveCfg = Release|Any CPU
		{2509B63F-6BBD-4C7F-8608-C9F47AA47701}.Release|Any CPU.Build.0 = Release|Any CPU
	EndGlobalSection
	GlobalSection(SolutionProperties) = preSolution
		HideSolutionNode = FALSE
	EndGlobalSection
	GlobalSection(ExtensibilityGlobals) = postSolution
		SolutionGuid = {BB2D0AD0-5C73-43C3-96F9-664F52AB2C50}
	EndGlobalSection
EndGlobal
